
Microsoft Visual Studio Solution File, Format Version 12.00
# Visual Studio 15
VisualStudioVersion = 15.0.28307.136
MinimumVisualStudioVersion = 10.0.40219.1
Project("{FAE04EC0-301F-11D3-BF4B-00C04F79EFBC}") = "sale.Android", "sale\sale.Android\sale.Android.csproj", "{12133BF6-D1D4-4E4B-9484-6C69ADBFB621}"
EndProject
Project("{FAE04EC0-301F-11D3-BF4B-00C04F79EFBC}") = "sale.iOS", "sale\sale.iOS\sale.iOS.csproj", "{10998670-BC01-4F45-9090-CF797A2AEE1C}"
EndProject
Project("{FAE04EC0-301F-11D3-BF4B-00C04F79EFBC}") = "sale.UWP", "sale\sale.UWP\sale.UWP.csproj", "{A374E251-BA31-4342-A424-3B8D688F6238}"
EndProject
Project("{9A19103F-16F7-4668-BE54-9A1E7A4F7556}") = "sale", "sale\sale\sale.csproj", "{D0F020B9-0895-474A-9D58-B1A07BA5C7D6}"
EndProject
Project("{FAE04EC0-301F-11D3-BF4B-00C04F79EFBC}") = "sale.backend", "sale.backend\sale.backend.csproj", "{09970BBB-D15F-4E92-A58A-2D3803D6F7F9}"
EndProject
Project("{FAE04EC0-301F-11D3-BF4B-00C04F79EFBC}") = "sale.api", "sale.api\sale.api.csproj", "{36ABA27B-5A8D-4C76-9604-5B0A98AF1087}"
EndProject
Project("{FAE04EC0-301F-11D3-BF4B-00C04F79EFBC}") = "sale.domain", "sale.domain\sale.domain.csproj", "{0873A332-7AFF-4075-8D61-1836B346C919}"
EndProject
Project("{FAE04EC0-301F-11D3-BF4B-00C04F79EFBC}") = "sale.common", "sale.common\sale.common.csproj", "{3047B5D3-D908-4A10-93BB-3D6E07D07D9F}"
EndProject
Global
	GlobalSection(SolutionConfigurationPlatforms) = preSolution
		Ad-Hoc|Any CPU = Ad-Hoc|Any CPU
		Ad-Hoc|ARM = Ad-Hoc|ARM
		Ad-Hoc|iPhone = Ad-Hoc|iPhone
		Ad-Hoc|iPhoneSimulator = Ad-Hoc|iPhoneSimulator
		Ad-Hoc|x64 = Ad-Hoc|x64
		Ad-Hoc|x86 = Ad-Hoc|x86
		AppStore|Any CPU = AppStore|Any CPU
		AppStore|ARM = AppStore|ARM
		AppStore|iPhone = AppStore|iPhone
		AppStore|iPhoneSimulator = AppStore|iPhoneSimulator
		AppStore|x64 = AppStore|x64
		AppStore|x86 = AppStore|x86
		Debug|Any CPU = Debug|Any CPU
		Debug|ARM = Debug|ARM
		Debug|iPhone = Debug|iPhone
		Debug|iPhoneSimulator = Debug|iPhoneSimulator
		Debug|x64 = Debug|x64
		Debug|x86 = Debug|x86
		Release|Any CPU = Release|Any CPU
		Release|ARM = Release|ARM
		Release|iPhone = Release|iPhone
		Release|iPhoneSimulator = Release|iPhoneSimulator
		Release|x64 = Release|x64
		Release|x86 = Release|x86
	EndGlobalSection
	GlobalSection(ProjectConfigurationPlatforms) = postSolution
		{12133BF6-D1D4-4E4B-9484-6C69ADBFB621}.Ad-Hoc|Any CPU.ActiveCfg = Release|Any CPU
		{12133BF6-D1D4-4E4B-9484-6C69ADBFB621}.Ad-Hoc|Any CPU.Build.0 = Release|Any CPU
		{12133BF6-D1D4-4E4B-9484-6C69ADBFB621}.Ad-Hoc|Any CPU.Deploy.0 = Release|Any CPU
		{12133BF6-D1D4-4E4B-9484-6C69ADBFB621}.Ad-Hoc|ARM.ActiveCfg = Release|Any CPU
		{12133BF6-D1D4-4E4B-9484-6C69ADBFB621}.Ad-Hoc|ARM.Build.0 = Release|Any CPU
		{12133BF6-D1D4-4E4B-9484-6C69ADBFB621}.Ad-Hoc|ARM.Deploy.0 = Release|Any CPU
		{12133BF6-D1D4-4E4B-9484-6C69ADBFB621}.Ad-Hoc|iPhone.ActiveCfg = Release|Any CPU
		{12133BF6-D1D4-4E4B-9484-6C69ADBFB621}.Ad-Hoc|iPhone.Build.0 = Release|Any CPU
		{12133BF6-D1D4-4E4B-9484-6C69ADBFB621}.Ad-Hoc|iPhone.Deploy.0 = Release|Any CPU
		{12133BF6-D1D4-4E4B-9484-6C69ADBFB621}.Ad-Hoc|iPhoneSimulator.ActiveCfg = Release|Any CPU
		{12133BF6-D1D4-4E4B-9484-6C69ADBFB621}.Ad-Hoc|iPhoneSimulator.Build.0 = Release|Any CPU
		{12133BF6-D1D4-4E4B-9484-6C69ADBFB621}.Ad-Hoc|iPhoneSimulator.Deploy.0 = Release|Any CPU
		{12133BF6-D1D4-4E4B-9484-6C69ADBFB621}.Ad-Hoc|x64.ActiveCfg = Release|Any CPU
		{12133BF6-D1D4-4E4B-9484-6C69ADBFB621}.Ad-Hoc|x64.Build.0 = Release|Any CPU
		{12133BF6-D1D4-4E4B-9484-6C69ADBFB621}.Ad-Hoc|x64.Deploy.0 = Release|Any CPU
		{12133BF6-D1D4-4E4B-9484-6C69ADBFB621}.Ad-Hoc|x86.ActiveCfg = Release|Any CPU
		{12133BF6-D1D4-4E4B-9484-6C69ADBFB621}.Ad-Hoc|x86.Build.0 = Release|Any CPU
		{12133BF6-D1D4-4E4B-9484-6C69ADBFB621}.Ad-Hoc|x86.Deploy.0 = Release|Any CPU
		{12133BF6-D1D4-4E4B-9484-6C69ADBFB621}.AppStore|Any CPU.ActiveCfg = Release|Any CPU
		{12133BF6-D1D4-4E4B-9484-6C69ADBFB621}.AppStore|Any CPU.Build.0 = Release|Any CPU
		{12133BF6-D1D4-4E4B-9484-6C69ADBFB621}.AppStore|Any CPU.Deploy.0 = Release|Any CPU
		{12133BF6-D1D4-4E4B-9484-6C69ADBFB621}.AppStore|ARM.ActiveCfg = Release|Any CPU
		{12133BF6-D1D4-4E4B-9484-6C69ADBFB621}.AppStore|ARM.Build.0 = Release|Any CPU
		{12133BF6-D1D4-4E4B-9484-6C69ADBFB621}.AppStore|ARM.Deploy.0 = Release|Any CPU
		{12133BF6-D1D4-4E4B-9484-6C69ADBFB621}.AppStore|iPhone.ActiveCfg = Release|Any CPU
		{12133BF6-D1D4-4E4B-9484-6C69ADBFB621}.AppStore|iPhone.Build.0 = Release|Any CPU
		{12133BF6-D1D4-4E4B-9484-6C69ADBFB621}.AppStore|iPhone.Deploy.0 = Release|Any CPU
		{12133BF6-D1D4-4E4B-9484-6C69ADBFB621}.AppStore|iPhoneSimulator.ActiveCfg = Release|Any CPU
		{12133BF6-D1D4-4E4B-9484-6C69ADBFB621}.AppStore|iPhoneSimulator.Build.0 = Release|Any CPU
		{12133BF6-D1D4-4E4B-9484-6C69ADBFB621}.AppStore|iPhoneSimulator.Deploy.0 = Release|Any CPU
		{12133BF6-D1D4-4E4B-9484-6C69ADBFB621}.AppStore|x64.ActiveCfg = Release|Any CPU
		{12133BF6-D1D4-4E4B-9484-6C69ADBFB621}.AppStore|x64.Build.0 = Release|Any CPU
		{12133BF6-D1D4-4E4B-9484-6C69ADBFB621}.AppStore|x64.Deploy.0 = Release|Any CPU
		{12133BF6-D1D4-4E4B-9484-6C69ADBFB621}.AppStore|x86.ActiveCfg = Release|Any CPU
		{12133BF6-D1D4-4E4B-9484-6C69ADBFB621}.AppStore|x86.Build.0 = Release|Any CPU
		{12133BF6-D1D4-4E4B-9484-6C69ADBFB621}.AppStore|x86.Deploy.0 = Release|Any CPU
		{12133BF6-D1D4-4E4B-9484-6C69ADBFB621}.Debug|Any CPU.ActiveCfg = Debug|Any CPU
		{12133BF6-D1D4-4E4B-9484-6C69ADBFB621}.Debug|Any CPU.Build.0 = Debug|Any CPU
		{12133BF6-D1D4-4E4B-9484-6C69ADBFB621}.Debug|Any CPU.Deploy.0 = Debug|Any CPU
		{12133BF6-D1D4-4E4B-9484-6C69ADBFB621}.Debug|ARM.ActiveCfg = Debug|Any CPU
		{12133BF6-D1D4-4E4B-9484-6C69ADBFB621}.Debug|ARM.Build.0 = Debug|Any CPU
		{12133BF6-D1D4-4E4B-9484-6C69ADBFB621}.Debug|ARM.Deploy.0 = Debug|Any CPU
		{12133BF6-D1D4-4E4B-9484-6C69ADBFB621}.Debug|iPhone.ActiveCfg = Debug|Any CPU
		{12133BF6-D1D4-4E4B-9484-6C69ADBFB621}.Debug|iPhone.Build.0 = Debug|Any CPU
		{12133BF6-D1D4-4E4B-9484-6C69ADBFB621}.Debug|iPhone.Deploy.0 = Debug|Any CPU
		{12133BF6-D1D4-4E4B-9484-6C69ADBFB621}.Debug|iPhoneSimulator.ActiveCfg = Debug|Any CPU
		{12133BF6-D1D4-4E4B-9484-6C69ADBFB621}.Debug|iPhoneSimulator.Build.0 = Debug|Any CPU
		{12133BF6-D1D4-4E4B-9484-6C69ADBFB621}.Debug|iPhoneSimulator.Deploy.0 = Debug|Any CPU
		{12133BF6-D1D4-4E4B-9484-6C69ADBFB621}.Debug|x64.ActiveCfg = Debug|Any CPU
		{12133BF6-D1D4-4E4B-9484-6C69ADBFB621}.Debug|x64.Build.0 = Debug|Any CPU
		{12133BF6-D1D4-4E4B-9484-6C69ADBFB621}.Debug|x64.Deploy.0 = Debug|Any CPU
		{12133BF6-D1D4-4E4B-9484-6C69ADBFB621}.Debug|x86.ActiveCfg = Debug|Any CPU
		{12133BF6-D1D4-4E4B-9484-6C69ADBFB621}.Debug|x86.Build.0 = Debug|Any CPU
		{12133BF6-D1D4-4E4B-9484-6C69ADBFB621}.Debug|x86.Deploy.0 = Debug|Any CPU
		{12133BF6-D1D4-4E4B-9484-6C69ADBFB621}.Release|Any CPU.ActiveCfg = Release|Any CPU
		{12133BF6-D1D4-4E4B-9484-6C69ADBFB621}.Release|Any CPU.Build.0 = Release|Any CPU
		{12133BF6-D1D4-4E4B-9484-6C69ADBFB621}.Release|Any CPU.Deploy.0 = Release|Any CPU
		{12133BF6-D1D4-4E4B-9484-6C69ADBFB621}.Release|ARM.ActiveCfg = Release|Any CPU
		{12133BF6-D1D4-4E4B-9484-6C69ADBFB621}.Release|ARM.Build.0 = Release|Any CPU
		{12133BF6-D1D4-4E4B-9484-6C69ADBFB621}.Release|ARM.Deploy.0 = Release|Any CPU
		{12133BF6-D1D4-4E4B-9484-6C69ADBFB621}.Release|iPhone.ActiveCfg = Release|Any CPU
		{12133BF6-D1D4-4E4B-9484-6C69ADBFB621}.Release|iPhone.Build.0 = Release|Any CPU
		{12133BF6-D1D4-4E4B-9484-6C69ADBFB621}.Release|iPhone.Deploy.0 = Release|Any CPU
		{12133BF6-D1D4-4E4B-9484-6C69ADBFB621}.Release|iPhoneSimulator.ActiveCfg = Release|Any CPU
		{12133BF6-D1D4-4E4B-9484-6C69ADBFB621}.Release|iPhoneSimulator.Build.0 = Release|Any CPU
		{12133BF6-D1D4-4E4B-9484-6C69ADBFB621}.Release|iPhoneSimulator.Deploy.0 = Release|Any CPU
		{12133BF6-D1D4-4E4B-9484-6C69ADBFB621}.Release|x64.ActiveCfg = Release|Any CPU
		{12133BF6-D1D4-4E4B-9484-6C69ADBFB621}.Release|x64.Build.0 = Release|Any CPU
		{12133BF6-D1D4-4E4B-9484-6C69ADBFB621}.Release|x64.Deploy.0 = Release|Any CPU
		{12133BF6-D1D4-4E4B-9484-6C69ADBFB621}.Release|x86.ActiveCfg = Release|Any CPU
		{12133BF6-D1D4-4E4B-9484-6C69ADBFB621}.Release|x86.Build.0 = Release|Any CPU
		{12133BF6-D1D4-4E4B-9484-6C69ADBFB621}.Release|x86.Deploy.0 = Release|Any CPU
		{10998670-BC01-4F45-9090-CF797A2AEE1C}.Ad-Hoc|Any CPU.ActiveCfg = Ad-Hoc|iPhone
		{10998670-BC01-4F45-9090-CF797A2AEE1C}.Ad-Hoc|Any CPU.Build.0 = Ad-Hoc|iPhone
		{10998670-BC01-4F45-9090-CF797A2AEE1C}.Ad-Hoc|Any CPU.Deploy.0 = Ad-Hoc|iPhone
		{10998670-BC01-4F45-9090-CF797A2AEE1C}.Ad-Hoc|ARM.ActiveCfg = Ad-Hoc|iPhone
		{10998670-BC01-4F45-9090-CF797A2AEE1C}.Ad-Hoc|ARM.Build.0 = Ad-Hoc|iPhone
		{10998670-BC01-4F45-9090-CF797A2AEE1C}.Ad-Hoc|ARM.Deploy.0 = Ad-Hoc|iPhone
		{10998670-BC01-4F45-9090-CF797A2AEE1C}.Ad-Hoc|iPhone.ActiveCfg = Ad-Hoc|iPhone
		{10998670-BC01-4F45-9090-CF797A2AEE1C}.Ad-Hoc|iPhone.Build.0 = Ad-Hoc|iPhone
		{10998670-BC01-4F45-9090-CF797A2AEE1C}.Ad-Hoc|iPhone.Deploy.0 = Ad-Hoc|iPhone
		{10998670-BC01-4F45-9090-CF797A2AEE1C}.Ad-Hoc|iPhoneSimulator.ActiveCfg = Ad-Hoc|iPhoneSimulator
		{10998670-BC01-4F45-9090-CF797A2AEE1C}.Ad-Hoc|iPhoneSimulator.Build.0 = Ad-Hoc|iPhoneSimulator
		{10998670-BC01-4F45-9090-CF797A2AEE1C}.Ad-Hoc|iPhoneSimulator.Deploy.0 = Ad-Hoc|iPhoneSimulator
		{10998670-BC01-4F45-9090-CF797A2AEE1C}.Ad-Hoc|x64.ActiveCfg = Ad-Hoc|iPhone
		{10998670-BC01-4F45-9090-CF797A2AEE1C}.Ad-Hoc|x64.Build.0 = Ad-Hoc|iPhone
		{10998670-BC01-4F45-9090-CF797A2AEE1C}.Ad-Hoc|x64.Deploy.0 = Ad-Hoc|iPhone
		{10998670-BC01-4F45-9090-CF797A2AEE1C}.Ad-Hoc|x86.ActiveCfg = Ad-Hoc|iPhone
		{10998670-BC01-4F45-9090-CF797A2AEE1C}.Ad-Hoc|x86.Build.0 = Ad-Hoc|iPhone
		{10998670-BC01-4F45-9090-CF797A2AEE1C}.Ad-Hoc|x86.Deploy.0 = Ad-Hoc|iPhone
		{10998670-BC01-4F45-9090-CF797A2AEE1C}.AppStore|Any CPU.ActiveCfg = AppStore|iPhone
		{10998670-BC01-4F45-9090-CF797A2AEE1C}.AppStore|Any CPU.Build.0 = AppStore|iPhone
		{10998670-BC01-4F45-9090-CF797A2AEE1C}.AppStore|Any CPU.Deploy.0 = AppStore|iPhone
		{10998670-BC01-4F45-9090-CF797A2AEE1C}.AppStore|ARM.ActiveCfg = AppStore|iPhone
		{10998670-BC01-4F45-9090-CF797A2AEE1C}.AppStore|ARM.Build.0 = AppStore|iPhone
		{10998670-BC01-4F45-9090-CF797A2AEE1C}.AppStore|ARM.Deploy.0 = AppStore|iPhone
		{10998670-BC01-4F45-9090-CF797A2AEE1C}.AppStore|iPhone.ActiveCfg = AppStore|iPhone
		{10998670-BC01-4F45-9090-CF797A2AEE1C}.AppStore|iPhone.Build.0 = AppStore|iPhone
		{10998670-BC01-4F45-9090-CF797A2AEE1C}.AppStore|iPhone.Deploy.0 = AppStore|iPhone
		{10998670-BC01-4F45-9090-CF797A2AEE1C}.AppStore|iPhoneSimulator.ActiveCfg = AppStore|iPhoneSimulator
		{10998670-BC01-4F45-9090-CF797A2AEE1C}.AppStore|iPhoneSimulator.Build.0 = AppStore|iPhoneSimulator
		{10998670-BC01-4F45-9090-CF797A2AEE1C}.AppStore|iPhoneSimulator.Deploy.0 = AppStore|iPhoneSimulator
		{10998670-BC01-4F45-9090-CF797A2AEE1C}.AppStore|x64.ActiveCfg = AppStore|iPhone
		{10998670-BC01-4F45-9090-CF797A2AEE1C}.AppStore|x64.Build.0 = AppStore|iPhone
		{10998670-BC01-4F45-9090-CF797A2AEE1C}.AppStore|x64.Deploy.0 = AppStore|iPhone
		{10998670-BC01-4F45-9090-CF797A2AEE1C}.AppStore|x86.ActiveCfg = AppStore|iPhone
		{10998670-BC01-4F45-9090-CF797A2AEE1C}.AppStore|x86.Build.0 = AppStore|iPhone
		{10998670-BC01-4F45-9090-CF797A2AEE1C}.AppStore|x86.Deploy.0 = AppStore|iPhone
		{10998670-BC01-4F45-9090-CF797A2AEE1C}.Debug|Any CPU.ActiveCfg = Debug|iPhoneSimulator
		{10998670-BC01-4F45-9090-CF797A2AEE1C}.Debug|Any CPU.Build.0 = Debug|iPhoneSimulator
		{10998670-BC01-4F45-9090-CF797A2AEE1C}.Debug|Any CPU.Deploy.0 = Debug|iPhoneSimulator
		{10998670-BC01-4F45-9090-CF797A2AEE1C}.Debug|ARM.ActiveCfg = Debug|iPhone
		{10998670-BC01-4F45-9090-CF797A2AEE1C}.Debug|ARM.Build.0 = Debug|iPhone
		{10998670-BC01-4F45-9090-CF797A2AEE1C}.Debug|ARM.Deploy.0 = Debug|iPhone
		{10998670-BC01-4F45-9090-CF797A2AEE1C}.Debug|iPhone.ActiveCfg = Debug|iPhone
		{10998670-BC01-4F45-9090-CF797A2AEE1C}.Debug|iPhone.Build.0 = Debug|iPhone
		{10998670-BC01-4F45-9090-CF797A2AEE1C}.Debug|iPhone.Deploy.0 = Debug|iPhone
		{10998670-BC01-4F45-9090-CF797A2AEE1C}.Debug|iPhoneSimulator.ActiveCfg = Debug|iPhoneSimulator
		{10998670-BC01-4F45-9090-CF797A2AEE1C}.Debug|iPhoneSimulator.Build.0 = Debug|iPhoneSimulator
		{10998670-BC01-4F45-9090-CF797A2AEE1C}.Debug|iPhoneSimulator.Deploy.0 = Debug|iPhoneSimulator
		{10998670-BC01-4F45-9090-CF797A2AEE1C}.Debug|x64.ActiveCfg = Debug|iPhone
		{10998670-BC01-4F45-9090-CF797A2AEE1C}.Debug|x64.Build.0 = Debug|iPhone
		{10998670-BC01-4F45-9090-CF797A2AEE1C}.Debug|x64.Deploy.0 = Debug|iPhone
		{10998670-BC01-4F45-9090-CF797A2AEE1C}.Debug|x86.ActiveCfg = Debug|iPhone
		{10998670-BC01-4F45-9090-CF797A2AEE1C}.Debug|x86.Build.0 = Debug|iPhone
		{10998670-BC01-4F45-9090-CF797A2AEE1C}.Debug|x86.Deploy.0 = Debug|iPhone
		{10998670-BC01-4F45-9090-CF797A2AEE1C}.Release|Any CPU.ActiveCfg = Release|iPhone
		{10998670-BC01-4F45-9090-CF797A2AEE1C}.Release|Any CPU.Build.0 = Release|iPhone
		{10998670-BC01-4F45-9090-CF797A2AEE1C}.Release|Any CPU.Deploy.0 = Release|iPhone
		{10998670-BC01-4F45-9090-CF797A2AEE1C}.Release|ARM.ActiveCfg = Release|iPhone
		{10998670-BC01-4F45-9090-CF797A2AEE1C}.Release|ARM.Build.0 = Release|iPhone
		{10998670-BC01-4F45-9090-CF797A2AEE1C}.Release|ARM.Deploy.0 = Release|iPhone
		{10998670-BC01-4F45-9090-CF797A2AEE1C}.Release|iPhone.ActiveCfg = Release|iPhone
		{10998670-BC01-4F45-9090-CF797A2AEE1C}.Release|iPhone.Build.0 = Release|iPhone
		{10998670-BC01-4F45-9090-CF797A2AEE1C}.Release|iPhone.Deploy.0 = Release|iPhone
		{10998670-BC01-4F45-9090-CF797A2AEE1C}.Release|iPhoneSimulator.ActiveCfg = Release|iPhoneSimulator
		{10998670-BC01-4F45-9090-CF797A2AEE1C}.Release|iPhoneSimulator.Build.0 = Release|iPhoneSimulator
		{10998670-BC01-4F45-9090-CF797A2AEE1C}.Release|iPhoneSimulator.Deploy.0 = Release|iPhoneSimulator
		{10998670-BC01-4F45-9090-CF797A2AEE1C}.Release|x64.ActiveCfg = Release|iPhone
		{10998670-BC01-4F45-9090-CF797A2AEE1C}.Release|x64.Build.0 = Release|iPhone
		{10998670-BC01-4F45-9090-CF797A2AEE1C}.Release|x64.Deploy.0 = Release|iPhone
		{10998670-BC01-4F45-9090-CF797A2AEE1C}.Release|x86.ActiveCfg = Release|iPhone
		{10998670-BC01-4F45-9090-CF797A2AEE1C}.Release|x86.Build.0 = Release|iPhone
		{10998670-BC01-4F45-9090-CF797A2AEE1C}.Release|x86.Deploy.0 = Release|iPhone
		{A374E251-BA31-4342-A424-3B8D688F6238}.Ad-Hoc|Any CPU.ActiveCfg = Release|x86
		{A374E251-BA31-4342-A424-3B8D688F6238}.Ad-Hoc|Any CPU.Build.0 = Release|x86
		{A374E251-BA31-4342-A424-3B8D688F6238}.Ad-Hoc|Any CPU.Deploy.0 = Release|x86
		{A374E251-BA31-4342-A424-3B8D688F6238}.Ad-Hoc|ARM.ActiveCfg = Release|ARM
		{A374E251-BA31-4342-A424-3B8D688F6238}.Ad-Hoc|ARM.Build.0 = Release|ARM
		{A374E251-BA31-4342-A424-3B8D688F6238}.Ad-Hoc|ARM.Deploy.0 = Release|ARM
		{A374E251-BA31-4342-A424-3B8D688F6238}.Ad-Hoc|iPhone.ActiveCfg = Release|x86
		{A374E251-BA31-4342-A424-3B8D688F6238}.Ad-Hoc|iPhone.Build.0 = Release|x86
		{A374E251-BA31-4342-A424-3B8D688F6238}.Ad-Hoc|iPhone.Deploy.0 = Release|x86
		{A374E251-BA31-4342-A424-3B8D688F6238}.Ad-Hoc|iPhoneSimulator.ActiveCfg = Release|x86
		{A374E251-BA31-4342-A424-3B8D688F6238}.Ad-Hoc|iPhoneSimulator.Build.0 = Release|x86
		{A374E251-BA31-4342-A424-3B8D688F6238}.Ad-Hoc|iPhoneSimulator.Deploy.0 = Release|x86
		{A374E251-BA31-4342-A424-3B8D688F6238}.Ad-Hoc|x64.ActiveCfg = Release|x64
		{A374E251-BA31-4342-A424-3B8D688F6238}.Ad-Hoc|x64.Build.0 = Release|x64
		{A374E251-BA31-4342-A424-3B8D688F6238}.Ad-Hoc|x64.Deploy.0 = Release|x64
		{A374E251-BA31-4342-A424-3B8D688F6238}.Ad-Hoc|x86.ActiveCfg = Release|x86
		{A374E251-BA31-4342-A424-3B8D688F6238}.Ad-Hoc|x86.Build.0 = Release|x86
		{A374E251-BA31-4342-A424-3B8D688F6238}.Ad-Hoc|x86.Deploy.0 = Release|x86
		{A374E251-BA31-4342-A424-3B8D688F6238}.AppStore|Any CPU.ActiveCfg = Release|x86
		{A374E251-BA31-4342-A424-3B8D688F6238}.AppStore|Any CPU.Build.0 = Release|x86
		{A374E251-BA31-4342-A424-3B8D688F6238}.AppStore|Any CPU.Deploy.0 = Release|x86
		{A374E251-BA31-4342-A424-3B8D688F6238}.AppStore|ARM.ActiveCfg = Release|ARM
		{A374E251-BA31-4342-A424-3B8D688F6238}.AppStore|ARM.Build.0 = Release|ARM
		{A374E251-BA31-4342-A424-3B8D688F6238}.AppStore|ARM.Deploy.0 = Release|ARM
		{A374E251-BA31-4342-A424-3B8D688F6238}.AppStore|iPhone.ActiveCfg = Release|x86
		{A374E251-BA31-4342-A424-3B8D688F6238}.AppStore|iPhone.Build.0 = Release|x86
		{A374E251-BA31-4342-A424-3B8D688F6238}.AppStore|iPhone.Deploy.0 = Release|x86
		{A374E251-BA31-4342-A424-3B8D688F6238}.AppStore|iPhoneSimulator.ActiveCfg = Release|x86
		{A374E251-BA31-4342-A424-3B8D688F6238}.AppStore|iPhoneSimulator.Build.0 = Release|x86
		{A374E251-BA31-4342-A424-3B8D688F6238}.AppStore|iPhoneSimulator.Deploy.0 = Release|x86
		{A374E251-BA31-4342-A424-3B8D688F6238}.AppStore|x64.ActiveCfg = Release|x64
		{A374E251-BA31-4342-A424-3B8D688F6238}.AppStore|x64.Build.0 = Release|x64
		{A374E251-BA31-4342-A424-3B8D688F6238}.AppStore|x64.Deploy.0 = Release|x64
		{A374E251-BA31-4342-A424-3B8D688F6238}.AppStore|x86.ActiveCfg = Release|x86
		{A374E251-BA31-4342-A424-3B8D688F6238}.AppStore|x86.Build.0 = Release|x86
		{A374E251-BA31-4342-A424-3B8D688F6238}.AppStore|x86.Deploy.0 = Release|x86
		{A374E251-BA31-4342-A424-3B8D688F6238}.Debug|Any CPU.ActiveCfg = Debug|x86
		{A374E251-BA31-4342-A424-3B8D688F6238}.Debug|Any CPU.Build.0 = Debug|x86
		{A374E251-BA31-4342-A424-3B8D688F6238}.Debug|Any CPU.Deploy.0 = Debug|x86
		{A374E251-BA31-4342-A424-3B8D688F6238}.Debug|ARM.ActiveCfg = Debug|ARM
		{A374E251-BA31-4342-A424-3B8D688F6238}.Debug|ARM.Build.0 = Debug|ARM
		{A374E251-BA31-4342-A424-3B8D688F6238}.Debug|ARM.Deploy.0 = Debug|ARM
		{A374E251-BA31-4342-A424-3B8D688F6238}.Debug|iPhone.ActiveCfg = Debug|x86
		{A374E251-BA31-4342-A424-3B8D688F6238}.Debug|iPhone.Build.0 = Debug|x86
		{A374E251-BA31-4342-A424-3B8D688F6238}.Debug|iPhone.Deploy.0 = Debug|x86
		{A374E251-BA31-4342-A424-3B8D688F6238}.Debug|iPhoneSimulator.ActiveCfg = Debug|x86
		{A374E251-BA31-4342-A424-3B8D688F6238}.Debug|iPhoneSimulator.Build.0 = Debug|x86
		{A374E251-BA31-4342-A424-3B8D688F6238}.Debug|iPhoneSimulator.Deploy.0 = Debug|x86
		{A374E251-BA31-4342-A424-3B8D688F6238}.Debug|x64.ActiveCfg = Debug|x64
		{A374E251-BA31-4342-A424-3B8D688F6238}.Debug|x64.Build.0 = Debug|x64
		{A374E251-BA31-4342-A424-3B8D688F6238}.Debug|x64.Deploy.0 = Debug|x64
		{A374E251-BA31-4342-A424-3B8D688F6238}.Debug|x86.ActiveCfg = Debug|x86
		{A374E251-BA31-4342-A424-3B8D688F6238}.Debug|x86.Build.0 = Debug|x86
		{A374E251-BA31-4342-A424-3B8D688F6238}.Debug|x86.Deploy.0 = Debug|x86
		{A374E251-BA31-4342-A424-3B8D688F6238}.Release|Any CPU.ActiveCfg = Release|x86
		{A374E251-BA31-4342-A424-3B8D688F6238}.Release|Any CPU.Build.0 = Release|x86
		{A374E251-BA31-4342-A424-3B8D688F6238}.Release|Any CPU.Deploy.0 = Release|x86
		{A374E251-BA31-4342-A424-3B8D688F6238}.Release|ARM.ActiveCfg = Release|ARM
		{A374E251-BA31-4342-A424-3B8D688F6238}.Release|ARM.Build.0 = Release|ARM
		{A374E251-BA31-4342-A424-3B8D688F6238}.Release|ARM.Deploy.0 = Release|ARM
		{A374E251-BA31-4342-A424-3B8D688F6238}.Release|iPhone.ActiveCfg = Release|x86
		{A374E251-BA31-4342-A424-3B8D688F6238}.Release|iPhone.Build.0 = Release|x86
		{A374E251-BA31-4342-A424-3B8D688F6238}.Release|iPhone.Deploy.0 = Release|x86
		{A374E251-BA31-4342-A424-3B8D688F6238}.Release|iPhoneSimulator.ActiveCfg = Release|x86
		{A374E251-BA31-4342-A424-3B8D688F6238}.Release|iPhoneSimulator.Build.0 = Release|x86
		{A374E251-BA31-4342-A424-3B8D688F6238}.Release|iPhoneSimulator.Deploy.0 = Release|x86
		{A374E251-BA31-4342-A424-3B8D688F6238}.Release|x64.ActiveCfg = Release|x64
		{A374E251-BA31-4342-A424-3B8D688F6238}.Release|x64.Build.0 = Release|x64
		{A374E251-BA31-4342-A424-3B8D688F6238}.Release|x64.Deploy.0 = Release|x64
		{A374E251-BA31-4342-A424-3B8D688F6238}.Release|x86.ActiveCfg = Release|x86
		{A374E251-BA31-4342-A424-3B8D688F6238}.Release|x86.Build.0 = Release|x86
		{A374E251-BA31-4342-A424-3B8D688F6238}.Release|x86.Deploy.0 = Release|x86
		{D0F020B9-0895-474A-9D58-B1A07BA5C7D6}.Ad-Hoc|Any CPU.ActiveCfg = Debug|Any CPU
		{D0F020B9-0895-474A-9D58-B1A07BA5C7D6}.Ad-Hoc|Any CPU.Build.0 = Debug|Any CPU
		{D0F020B9-0895-474A-9D58-B1A07BA5C7D6}.Ad-Hoc|Any CPU.Deploy.0 = Debug|Any CPU
		{D0F020B9-0895-474A-9D58-B1A07BA5C7D6}.Ad-Hoc|ARM.ActiveCfg = Debug|Any CPU
		{D0F020B9-0895-474A-9D58-B1A07BA5C7D6}.Ad-Hoc|ARM.Build.0 = Debug|Any CPU
		{D0F020B9-0895-474A-9D58-B1A07BA5C7D6}.Ad-Hoc|ARM.Deploy.0 = Debug|Any CPU
		{D0F020B9-0895-474A-9D58-B1A07BA5C7D6}.Ad-Hoc|iPhone.ActiveCfg = Debug|Any CPU
		{D0F020B9-0895-474A-9D58-B1A07BA5C7D6}.Ad-Hoc|iPhone.Build.0 = Debug|Any CPU
		{D0F020B9-0895-474A-9D58-B1A07BA5C7D6}.Ad-Hoc|iPhone.Deploy.0 = Debug|Any CPU
		{D0F020B9-0895-474A-9D58-B1A07BA5C7D6}.Ad-Hoc|iPhoneSimulator.ActiveCfg = Debug|Any CPU
		{D0F020B9-0895-474A-9D58-B1A07BA5C7D6}.Ad-Hoc|iPhoneSimulator.Build.0 = Debug|Any CPU
		{D0F020B9-0895-474A-9D58-B1A07BA5C7D6}.Ad-Hoc|iPhoneSimulator.Deploy.0 = Debug|Any CPU
		{D0F020B9-0895-474A-9D58-B1A07BA5C7D6}.Ad-Hoc|x64.ActiveCfg = Debug|Any CPU
		{D0F020B9-0895-474A-9D58-B1A07BA5C7D6}.Ad-Hoc|x64.Build.0 = Debug|Any CPU
		{D0F020B9-0895-474A-9D58-B1A07BA5C7D6}.Ad-Hoc|x64.Deploy.0 = Debug|Any CPU
		{D0F020B9-0895-474A-9D58-B1A07BA5C7D6}.Ad-Hoc|x86.ActiveCfg = Debug|Any CPU
		{D0F020B9-0895-474A-9D58-B1A07BA5C7D6}.Ad-Hoc|x86.Build.0 = Debug|Any CPU
		{D0F020B9-0895-474A-9D58-B1A07BA5C7D6}.Ad-Hoc|x86.Deploy.0 = Debug|Any CPU
		{D0F020B9-0895-474A-9D58-B1A07BA5C7D6}.AppStore|Any CPU.ActiveCfg = Debug|Any CPU
		{D0F020B9-0895-474A-9D58-B1A07BA5C7D6}.AppStore|Any CPU.Build.0 = Debug|Any CPU
		{D0F020B9-0895-474A-9D58-B1A07BA5C7D6}.AppStore|Any CPU.Deploy.0 = Debug|Any CPU
		{D0F020B9-0895-474A-9D58-B1A07BA5C7D6}.AppStore|ARM.ActiveCfg = Debug|Any CPU
		{D0F020B9-0895-474A-9D58-B1A07BA5C7D6}.AppStore|ARM.Build.0 = Debug|Any CPU
		{D0F020B9-0895-474A-9D58-B1A07BA5C7D6}.AppStore|ARM.Deploy.0 = Debug|Any CPU
		{D0F020B9-0895-474A-9D58-B1A07BA5C7D6}.AppStore|iPhone.ActiveCfg = Debug|Any CPU
		{D0F020B9-0895-474A-9D58-B1A07BA5C7D6}.AppStore|iPhone.Build.0 = Debug|Any CPU
		{D0F020B9-0895-474A-9D58-B1A07BA5C7D6}.AppStore|iPhone.Deploy.0 = Debug|Any CPU
		{D0F020B9-0895-474A-9D58-B1A07BA5C7D6}.AppStore|iPhoneSimulator.ActiveCfg = Debug|Any CPU
		{D0F020B9-0895-474A-9D58-B1A07BA5C7D6}.AppStore|iPhoneSimulator.Build.0 = Debug|Any CPU
		{D0F020B9-0895-474A-9D58-B1A07BA5C7D6}.AppStore|iPhoneSimulator.Deploy.0 = Debug|Any CPU
		{D0F020B9-0895-474A-9D58-B1A07BA5C7D6}.AppStore|x64.ActiveCfg = Debug|Any CPU
		{D0F020B9-0895-474A-9D58-B1A07BA5C7D6}.AppStore|x64.Build.0 = Debug|Any CPU
		{D0F020B9-0895-474A-9D58-B1A07BA5C7D6}.AppStore|x64.Deploy.0 = Debug|Any CPU
		{D0F020B9-0895-474A-9D58-B1A07BA5C7D6}.AppStore|x86.ActiveCfg = Debug|Any CPU
		{D0F020B9-0895-474A-9D58-B1A07BA5C7D6}.AppStore|x86.Build.0 = Debug|Any CPU
		{D0F020B9-0895-474A-9D58-B1A07BA5C7D6}.AppStore|x86.Deploy.0 = Debug|Any CPU
		{D0F020B9-0895-474A-9D58-B1A07BA5C7D6}.Debug|Any CPU.ActiveCfg = Debug|Any CPU
		{D0F020B9-0895-474A-9D58-B1A07BA5C7D6}.Debug|Any CPU.Build.0 = Debug|Any CPU
		{D0F020B9-0895-474A-9D58-B1A07BA5C7D6}.Debug|Any CPU.Deploy.0 = Debug|Any CPU
		{D0F020B9-0895-474A-9D58-B1A07BA5C7D6}.Debug|ARM.ActiveCfg = Debug|Any CPU
		{D0F020B9-0895-474A-9D58-B1A07BA5C7D6}.Debug|ARM.Build.0 = Debug|Any CPU
		{D0F020B9-0895-474A-9D58-B1A07BA5C7D6}.Debug|ARM.Deploy.0 = Debug|Any CPU
		{D0F020B9-0895-474A-9D58-B1A07BA5C7D6}.Debug|iPhone.ActiveCfg = Debug|Any CPU
		{D0F020B9-0895-474A-9D58-B1A07BA5C7D6}.Debug|iPhone.Build.0 = Debug|Any CPU
		{D0F020B9-0895-474A-9D58-B1A07BA5C7D6}.Debug|iPhone.Deploy.0 = Debug|Any CPU
		{D0F020B9-0895-474A-9D58-B1A07BA5C7D6}.Debug|iPhoneSimulator.ActiveCfg = Debug|Any CPU
		{D0F020B9-0895-474A-9D58-B1A07BA5C7D6}.Debug|iPhoneSimulator.Build.0 = Debug|Any CPU
		{D0F020B9-0895-474A-9D58-B1A07BA5C7D6}.Debug|iPhoneSimulator.Deploy.0 = Debug|Any CPU
		{D0F020B9-0895-474A-9D58-B1A07BA5C7D6}.Debug|x64.ActiveCfg = Debug|Any CPU
		{D0F020B9-0895-474A-9D58-B1A07BA5C7D6}.Debug|x64.Build.0 = Debug|Any CPU
		{D0F020B9-0895-474A-9D58-B1A07BA5C7D6}.Debug|x64.Deploy.0 = Debug|Any CPU
		{D0F020B9-0895-474A-9D58-B1A07BA5C7D6}.Debug|x86.ActiveCfg = Debug|Any CPU
		{D0F020B9-0895-474A-9D58-B1A07BA5C7D6}.Debug|x86.Build.0 = Debug|Any CPU
		{D0F020B9-0895-474A-9D58-B1A07BA5C7D6}.Debug|x86.Deploy.0 = Debug|Any CPU
		{D0F020B9-0895-474A-9D58-B1A07BA5C7D6}.Release|Any CPU.ActiveCfg = Release|Any CPU
		{D0F020B9-0895-474A-9D58-B1A07BA5C7D6}.Release|Any CPU.Build.0 = Release|Any CPU
		{D0F020B9-0895-474A-9D58-B1A07BA5C7D6}.Release|Any CPU.Deploy.0 = Release|Any CPU
		{D0F020B9-0895-474A-9D58-B1A07BA5C7D6}.Release|ARM.ActiveCfg = Release|Any CPU
		{D0F020B9-0895-474A-9D58-B1A07BA5C7D6}.Release|ARM.Build.0 = Release|Any CPU
		{D0F020B9-0895-474A-9D58-B1A07BA5C7D6}.Release|ARM.Deploy.0 = Release|Any CPU
		{D0F020B9-0895-474A-9D58-B1A07BA5C7D6}.Release|iPhone.ActiveCfg = Release|Any CPU
		{D0F020B9-0895-474A-9D58-B1A07BA5C7D6}.Release|iPhone.Build.0 = Release|Any CPU
		{D0F020B9-0895-474A-9D58-B1A07BA5C7D6}.Release|iPhone.Deploy.0 = Release|Any CPU
		{D0F020B9-0895-474A-9D58-B1A07BA5C7D6}.Release|iPhoneSimulator.ActiveCfg = Release|Any CPU
		{D0F020B9-0895-474A-9D58-B1A07BA5C7D6}.Release|iPhoneSimulator.Build.0 = Release|Any CPU
		{D0F020B9-0895-474A-9D58-B1A07BA5C7D6}.Release|iPhoneSimulator.Deploy.0 = Release|Any CPU
		{D0F020B9-0895-474A-9D58-B1A07BA5C7D6}.Release|x64.ActiveCfg = Release|Any CPU
		{D0F020B9-0895-474A-9D58-B1A07BA5C7D6}.Release|x64.Build.0 = Release|Any CPU
		{D0F020B9-0895-474A-9D58-B1A07BA5C7D6}.Release|x64.Deploy.0 = Release|Any CPU
		{D0F020B9-0895-474A-9D58-B1A07BA5C7D6}.Release|x86.ActiveCfg = Release|Any CPU
		{D0F020B9-0895-474A-9D58-B1A07BA5C7D6}.Release|x86.Build.0 = Release|Any CPU
		{D0F020B9-0895-474A-9D58-B1A07BA5C7D6}.Release|x86.Deploy.0 = Release|Any CPU
		{09970BBB-D15F-4E92-A58A-2D3803D6F7F9}.Ad-Hoc|Any CPU.ActiveCfg = Release|Any CPU
		{09970BBB-D15F-4E92-A58A-2D3803D6F7F9}.Ad-Hoc|Any CPU.Build.0 = Release|Any CPU
		{09970BBB-D15F-4E92-A58A-2D3803D6F7F9}.Ad-Hoc|ARM.ActiveCfg = Release|Any CPU
		{09970BBB-D15F-4E92-A58A-2D3803D6F7F9}.Ad-Hoc|ARM.Build.0 = Release|Any CPU
		{09970BBB-D15F-4E92-A58A-2D3803D6F7F9}.Ad-Hoc|iPhone.ActiveCfg = Release|Any CPU
		{09970BBB-D15F-4E92-A58A-2D3803D6F7F9}.Ad-Hoc|iPhone.Build.0 = Release|Any CPU
		{09970BBB-D15F-4E92-A58A-2D3803D6F7F9}.Ad-Hoc|iPhoneSimulator.ActiveCfg = Release|Any CPU
		{09970BBB-D15F-4E92-A58A-2D3803D6F7F9}.Ad-Hoc|iPhoneSimulator.Build.0 = Release|Any CPU
		{09970BBB-D15F-4E92-A58A-2D3803D6F7F9}.Ad-Hoc|x64.ActiveCfg = Release|Any CPU
		{09970BBB-D15F-4E92-A58A-2D3803D6F7F9}.Ad-Hoc|x64.Build.0 = Release|Any CPU
		{09970BBB-D15F-4E92-A58A-2D3803D6F7F9}.Ad-Hoc|x86.ActiveCfg = Release|Any CPU
		{09970BBB-D15F-4E92-A58A-2D3803D6F7F9}.Ad-Hoc|x86.Build.0 = Release|Any CPU
		{09970BBB-D15F-4E92-A58A-2D3803D6F7F9}.AppStore|Any CPU.ActiveCfg = Release|Any CPU
		{09970BBB-D15F-4E92-A58A-2D3803D6F7F9}.AppStore|Any CPU.Build.0 = Release|Any CPU
		{09970BBB-D15F-4E92-A58A-2D3803D6F7F9}.AppStore|ARM.ActiveCfg = Release|Any CPU
		{09970BBB-D15F-4E92-A58A-2D3803D6F7F9}.AppStore|ARM.Build.0 = Release|Any CPU
		{09970BBB-D15F-4E92-A58A-2D3803D6F7F9}.AppStore|iPhone.ActiveCfg = Release|Any CPU
		{09970BBB-D15F-4E92-A58A-2D3803D6F7F9}.AppStore|iPhone.Build.0 = Release|Any CPU
		{09970BBB-D15F-4E92-A58A-2D3803D6F7F9}.AppStore|iPhoneSimulator.ActiveCfg = Release|Any CPU
		{09970BBB-D15F-4E92-A58A-2D3803D6F7F9}.AppStore|iPhoneSimulator.Build.0 = Release|Any CPU
		{09970BBB-D15F-4E92-A58A-2D3803D6F7F9}.AppStore|x64.ActiveCfg = Release|Any CPU
		{09970BBB-D15F-4E92-A58A-2D3803D6F7F9}.AppStore|x64.Build.0 = Release|Any CPU
		{09970BBB-D15F-4E92-A58A-2D3803D6F7F9}.AppStore|x86.ActiveCfg = Release|Any CPU
		{09970BBB-D15F-4E92-A58A-2D3803D6F7F9}.AppStore|x86.Build.0 = Release|Any CPU
		{09970BBB-D15F-4E92-A58A-2D3803D6F7F9}.Debug|Any CPU.ActiveCfg = Debug|Any CPU
		{09970BBB-D15F-4E92-A58A-2D3803D6F7F9}.Debug|Any CPU.Build.0 = Debug|Any CPU
		{09970BBB-D15F-4E92-A58A-2D3803D6F7F9}.Debug|ARM.ActiveCfg = Debug|Any CPU
		{09970BBB-D15F-4E92-A58A-2D3803D6F7F9}.Debug|ARM.Build.0 = Debug|Any CPU
		{09970BBB-D15F-4E92-A58A-2D3803D6F7F9}.Debug|iPhone.ActiveCfg = Debug|Any CPU
		{09970BBB-D15F-4E92-A58A-2D3803D6F7F9}.Debug|iPhone.Build.0 = Debug|Any CPU
		{09970BBB-D15F-4E92-A58A-2D3803D6F7F9}.Debug|iPhoneSimulator.ActiveCfg = Debug|Any CPU
		{09970BBB-D15F-4E92-A58A-2D3803D6F7F9}.Debug|iPhoneSimulator.Build.0 = Debug|Any CPU
		{09970BBB-D15F-4E92-A58A-2D3803D6F7F9}.Debug|x64.ActiveCfg = Debug|Any CPU
		{09970BBB-D15F-4E92-A58A-2D3803D6F7F9}.Debug|x64.Build.0 = Debug|Any CPU
		{09970BBB-D15F-4E92-A58A-2D3803D6F7F9}.Debug|x86.ActiveCfg = Debug|Any CPU
		{09970BBB-D15F-4E92-A58A-2D3803D6F7F9}.Debug|x86.Build.0 = Debug|Any CPU
		{09970BBB-D15F-4E92-A58A-2D3803D6F7F9}.Release|Any CPU.ActiveCfg = Release|Any CPU
		{09970BBB-D15F-4E92-A58A-2D3803D6F7F9}.Release|Any CPU.Build.0 = Release|Any CPU
		{09970BBB-D15F-4E92-A58A-2D3803D6F7F9}.Release|ARM.ActiveCfg = Release|Any CPU
		{09970BBB-D15F-4E92-A58A-2D3803D6F7F9}.Release|ARM.Build.0 = Release|Any CPU
		{09970BBB-D15F-4E92-A58A-2D3803D6F7F9}.Release|iPhone.ActiveCfg = Release|Any CPU
		{09970BBB-D15F-4E92-A58A-2D3803D6F7F9}.Release|iPhone.Build.0 = Release|Any CPU
		{09970BBB-D15F-4E92-A58A-2D3803D6F7F9}.Release|iPhoneSimulator.ActiveCfg = Release|Any CPU
		{09970BBB-D15F-4E92-A58A-2D3803D6F7F9}.Release|iPhoneSimulator.Build.0 = Release|Any CPU
		{09970BBB-D15F-4E92-A58A-2D3803D6F7F9}.Release|x64.ActiveCfg = Release|Any CPU
		{09970BBB-D15F-4E92-A58A-2D3803D6F7F9}.Release|x64.Build.0 = Release|Any CPU
		{09970BBB-D15F-4E92-A58A-2D3803D6F7F9}.Release|x86.ActiveCfg = Release|Any CPU
		{09970BBB-D15F-4E92-A58A-2D3803D6F7F9}.Release|x86.Build.0 = Release|Any CPU
		{36ABA27B-5A8D-4C76-9604-5B0A98AF1087}.Ad-Hoc|Any CPU.ActiveCfg = Release|Any CPU
		{36ABA27B-5A8D-4C76-9604-5B0A98AF1087}.Ad-Hoc|Any CPU.Build.0 = Release|Any CPU
		{36ABA27B-5A8D-4C76-9604-5B0A98AF1087}.Ad-Hoc|ARM.ActiveCfg = Release|Any CPU
		{36ABA27B-5A8D-4C76-9604-5B0A98AF1087}.Ad-Hoc|ARM.Build.0 = Release|Any CPU
		{36ABA27B-5A8D-4C76-9604-5B0A98AF1087}.Ad-Hoc|iPhone.ActiveCfg = Release|Any CPU
		{36ABA27B-5A8D-4C76-9604-5B0A98AF1087}.Ad-Hoc|iPhone.Build.0 = Release|Any CPU
		{36ABA27B-5A8D-4C76-9604-5B0A98AF1087}.Ad-Hoc|iPhoneSimulator.ActiveCfg = Release|Any CPU
		{36ABA27B-5A8D-4C76-9604-5B0A98AF1087}.Ad-Hoc|iPhoneSimulator.Build.0 = Release|Any CPU
		{36ABA27B-5A8D-4C76-9604-5B0A98AF1087}.Ad-Hoc|x64.ActiveCfg = Release|Any CPU
		{36ABA27B-5A8D-4C76-9604-5B0A98AF1087}.Ad-Hoc|x64.Build.0 = Release|Any CPU
		{36ABA27B-5A8D-4C76-9604-5B0A98AF1087}.Ad-Hoc|x86.ActiveCfg = Release|Any CPU
		{36ABA27B-5A8D-4C76-9604-5B0A98AF1087}.Ad-Hoc|x86.Build.0 = Release|Any CPU
		{36ABA27B-5A8D-4C76-9604-5B0A98AF1087}.AppStore|Any CPU.ActiveCfg = Release|Any CPU
		{36ABA27B-5A8D-4C76-9604-5B0A98AF1087}.AppStore|Any CPU.Build.0 = Release|Any CPU
		{36ABA27B-5A8D-4C76-9604-5B0A98AF1087}.AppStore|ARM.ActiveCfg = Release|Any CPU
		{36ABA27B-5A8D-4C76-9604-5B0A98AF1087}.AppStore|ARM.Build.0 = Release|Any CPU
		{36ABA27B-5A8D-4C76-9604-5B0A98AF1087}.AppStore|iPhone.ActiveCfg = Release|Any CPU
		{36ABA27B-5A8D-4C76-9604-5B0A98AF1087}.AppStore|iPhone.Build.0 = Release|Any CPU
		{36ABA27B-5A8D-4C76-9604-5B0A98AF1087}.AppStore|iPhoneSimulator.ActiveCfg = Release|Any CPU
		{36ABA27B-5A8D-4C76-9604-5B0A98AF1087}.AppStore|iPhoneSimulator.Build.0 = Release|Any CPU
		{36ABA27B-5A8D-4C76-9604-5B0A98AF1087}.AppStore|x64.ActiveCfg = Release|Any CPU
		{36ABA27B-5A8D-4C76-9604-5B0A98AF1087}.AppStore|x64.Build.0 = Release|Any CPU
		{36ABA27B-5A8D-4C76-9604-5B0A98AF1087}.AppStore|x86.ActiveCfg = Release|Any CPU
		{36ABA27B-5A8D-4C76-9604-5B0A98AF1087}.AppStore|x86.Build.0 = Release|Any CPU
		{36ABA27B-5A8D-4C76-9604-5B0A98AF1087}.Debug|Any CPU.ActiveCfg = Debug|Any CPU
		{36ABA27B-5A8D-4C76-9604-5B0A98AF1087}.Debug|Any CPU.Build.0 = Debug|Any CPU
		{36ABA27B-5A8D-4C76-9604-5B0A98AF1087}.Debug|ARM.ActiveCfg = Debug|Any CPU
		{36ABA27B-5A8D-4C76-9604-5B0A98AF1087}.Debug|ARM.Build.0 = Debug|Any CPU
		{36ABA27B-5A8D-4C76-9604-5B0A98AF1087}.Debug|iPhone.ActiveCfg = Debug|Any CPU
		{36ABA27B-5A8D-4C76-9604-5B0A98AF1087}.Debug|iPhone.Build.0 = Debug|Any CPU
		{36ABA27B-5A8D-4C76-9604-5B0A98AF1087}.Debug|iPhoneSimulator.ActiveCfg = Debug|Any CPU
		{36ABA27B-5A8D-4C76-9604-5B0A98AF1087}.Debug|iPhoneSimulator.Build.0 = Debug|Any CPU
		{36ABA27B-5A8D-4C76-9604-5B0A98AF1087}.Debug|x64.ActiveCfg = Debug|Any CPU
		{36ABA27B-5A8D-4C76-9604-5B0A98AF1087}.Debug|x64.Build.0 = Debug|Any CPU
		{36ABA27B-5A8D-4C76-9604-5B0A98AF1087}.Debug|x86.ActiveCfg = Debug|Any CPU
		{36ABA27B-5A8D-4C76-9604-5B0A98AF1087}.Debug|x86.Build.0 = Debug|Any CPU
		{36ABA27B-5A8D-4C76-9604-5B0A98AF1087}.Release|Any CPU.ActiveCfg = Release|Any CPU
		{36ABA27B-5A8D-4C76-9604-5B0A98AF1087}.Release|Any CPU.Build.0 = Release|Any CPU
		{36ABA27B-5A8D-4C76-9604-5B0A98AF1087}.Release|ARM.ActiveCfg = Release|Any CPU
		{36ABA27B-5A8D-4C76-9604-5B0A98AF1087}.Release|ARM.Build.0 = Release|Any CPU
		{36ABA27B-5A8D-4C76-9604-5B0A98AF1087}.Release|iPhone.ActiveCfg = Release|Any CPU
		{36ABA27B-5A8D-4C76-9604-5B0A98AF1087}.Release|iPhone.Build.0 = Release|Any CPU
		{36ABA27B-5A8D-4C76-9604-5B0A98AF1087}.Release|iPhoneSimulator.ActiveCfg = Release|Any CPU
		{36ABA27B-5A8D-4C76-9604-5B0A98AF1087}.Release|iPhoneSimulator.Build.0 = Release|Any CPU
		{36ABA27B-5A8D-4C76-9604-5B0A98AF1087}.Release|x64.ActiveCfg = Release|Any CPU
		{36ABA27B-5A8D-4C76-9604-5B0A98AF1087}.Release|x64.Build.0 = Release|Any CPU
		{36ABA27B-5A8D-4C76-9604-5B0A98AF1087}.Release|x86.ActiveCfg = Release|Any CPU
		{36ABA27B-5A8D-4C76-9604-5B0A98AF1087}.Release|x86.Build.0 = Release|Any CPU
		{0873A332-7AFF-4075-8D61-1836B346C919}.Ad-Hoc|Any CPU.ActiveCfg = Release|Any CPU
		{0873A332-7AFF-4075-8D61-1836B346C919}.Ad-Hoc|Any CPU.Build.0 = Release|Any CPU
		{0873A332-7AFF-4075-8D61-1836B346C919}.Ad-Hoc|ARM.ActiveCfg = Release|Any CPU
		{0873A332-7AFF-4075-8D61-1836B346C919}.Ad-Hoc|ARM.Build.0 = Release|Any CPU
		{0873A332-7AFF-4075-8D61-1836B346C919}.Ad-Hoc|iPhone.ActiveCfg = Release|Any CPU
		{0873A332-7AFF-4075-8D61-1836B346C919}.Ad-Hoc|iPhone.Build.0 = Release|Any CPU
		{0873A332-7AFF-4075-8D61-1836B346C919}.Ad-Hoc|iPhoneSimulator.ActiveCfg = Release|Any CPU
		{0873A332-7AFF-4075-8D61-1836B346C919}.Ad-Hoc|iPhoneSimulator.Build.0 = Release|Any CPU
		{0873A332-7AFF-4075-8D61-1836B346C919}.Ad-Hoc|x64.ActiveCfg = Release|Any CPU
		{0873A332-7AFF-4075-8D61-1836B346C919}.Ad-Hoc|x64.Build.0 = Release|Any CPU
		{0873A332-7AFF-4075-8D61-1836B346C919}.Ad-Hoc|x86.ActiveCfg = Release|Any CPU
		{0873A332-7AFF-4075-8D61-1836B346C919}.Ad-Hoc|x86.Build.0 = Release|Any CPU
		{0873A332-7AFF-4075-8D61-1836B346C919}.AppStore|Any CPU.ActiveCfg = Release|Any CPU
		{0873A332-7AFF-4075-8D61-1836B346C919}.AppStore|Any CPU.Build.0 = Release|Any CPU
		{0873A332-7AFF-4075-8D61-1836B346C919}.AppStore|ARM.ActiveCfg = Release|Any CPU
		{0873A332-7AFF-4075-8D61-1836B346C919}.AppStore|ARM.Build.0 = Release|Any CPU
		{0873A332-7AFF-4075-8D61-1836B346C919}.AppStore|iPhone.ActiveCfg = Release|Any CPU
		{0873A332-7AFF-4075-8D61-1836B346C919}.AppStore|iPhone.Build.0 = Release|Any CPU
		{0873A332-7AFF-4075-8D61-1836B346C919}.AppStore|iPhoneSimulator.ActiveCfg = Release|Any CPU
		{0873A332-7AFF-4075-8D61-1836B346C919}.AppStore|iPhoneSimulator.Build.0 = Release|Any CPU
		{0873A332-7AFF-4075-8D61-1836B346C919}.AppStore|x64.ActiveCfg = Release|Any CPU
		{0873A332-7AFF-4075-8D61-1836B346C919}.AppStore|x64.Build.0 = Release|Any CPU
		{0873A332-7AFF-4075-8D61-1836B346C919}.AppStore|x86.ActiveCfg = Release|Any CPU
		{0873A332-7AFF-4075-8D61-1836B346C919}.AppStore|x86.Build.0 = Release|Any CPU
		{0873A332-7AFF-4075-8D61-1836B346C919}.Debug|Any CPU.ActiveCfg = Debug|Any CPU
		{0873A332-7AFF-4075-8D61-1836B346C919}.Debug|Any CPU.Build.0 = Debug|Any CPU
		{0873A332-7AFF-4075-8D61-1836B346C919}.Debug|ARM.ActiveCfg = Debug|Any CPU
		{0873A332-7AFF-4075-8D61-1836B346C919}.Debug|ARM.Build.0 = Debug|Any CPU
		{0873A332-7AFF-4075-8D61-1836B346C919}.Debug|iPhone.ActiveCfg = Debug|Any CPU
		{0873A332-7AFF-4075-8D61-1836B346C919}.Debug|iPhone.Build.0 = Debug|Any CPU
		{0873A332-7AFF-4075-8D61-1836B346C919}.Debug|iPhoneSimulator.ActiveCfg = Debug|Any CPU
		{0873A332-7AFF-4075-8D61-1836B346C919}.Debug|iPhoneSimulator.Build.0 = Debug|Any CPU
		{0873A332-7AFF-4075-8D61-1836B346C919}.Debug|x64.ActiveCfg = Debug|Any CPU
		{0873A332-7AFF-4075-8D61-1836B346C919}.Debug|x64.Build.0 = Debug|Any CPU
		{0873A332-7AFF-4075-8D61-1836B346C919}.Debug|x86.ActiveCfg = Debug|Any CPU
		{0873A332-7AFF-4075-8D61-1836B346C919}.Debug|x86.Build.0 = Debug|Any CPU
		{0873A332-7AFF-4075-8D61-1836B346C919}.Release|Any CPU.ActiveCfg = Release|Any CPU
		{0873A332-7AFF-4075-8D61-1836B346C919}.Release|Any CPU.Build.0 = Release|Any CPU
		{0873A332-7AFF-4075-8D61-1836B346C919}.Release|ARM.ActiveCfg = Release|Any CPU
		{0873A332-7AFF-4075-8D61-1836B346C919}.Release|ARM.Build.0 = Release|Any CPU
		{0873A332-7AFF-4075-8D61-1836B346C919}.Release|iPhone.ActiveCfg = Release|Any CPU
		{0873A332-7AFF-4075-8D61-1836B346C919}.Release|iPhone.Build.0 = Release|Any CPU
		{0873A332-7AFF-4075-8D61-1836B346C919}.Release|iPhoneSimulator.ActiveCfg = Release|Any CPU
		{0873A332-7AFF-4075-8D61-1836B346C919}.Release|iPhoneSimulator.Build.0 = Release|Any CPU
		{0873A332-7AFF-4075-8D61-1836B346C919}.Release|x64.ActiveCfg = Release|Any CPU
		{0873A332-7AFF-4075-8D61-1836B346C919}.Release|x64.Build.0 = Release|Any CPU
		{0873A332-7AFF-4075-8D61-1836B346C919}.Release|x86.ActiveCfg = Release|Any CPU
		{0873A332-7AFF-4075-8D61-1836B346C919}.Release|x86.Build.0 = Release|Any CPU
		{3047B5D3-D908-4A10-93BB-3D6E07D07D9F}.Ad-Hoc|Any CPU.ActiveCfg = Release|Any CPU
		{3047B5D3-D908-4A10-93BB-3D6E07D07D9F}.Ad-Hoc|Any CPU.Build.0 = Release|Any CPU
		{3047B5D3-D908-4A10-93BB-3D6E07D07D9F}.Ad-Hoc|ARM.ActiveCfg = Release|Any CPU
		{3047B5D3-D908-4A10-93BB-3D6E07D07D9F}.Ad-Hoc|ARM.Build.0 = Release|Any CPU
		{3047B5D3-D908-4A10-93BB-3D6E07D07D9F}.Ad-Hoc|iPhone.ActiveCfg = Release|Any CPU
		{3047B5D3-D908-4A10-93BB-3D6E07D07D9F}.Ad-Hoc|iPhone.Build.0 = Release|Any CPU
		{3047B5D3-D908-4A10-93BB-3D6E07D07D9F}.Ad-Hoc|iPhoneSimulator.ActiveCfg = Release|Any CPU
		{3047B5D3-D908-4A10-93BB-3D6E07D07D9F}.Ad-Hoc|iPhoneSimulator.Build.0 = Release|Any CPU
		{3047B5D3-D908-4A10-93BB-3D6E07D07D9F}.Ad-Hoc|x64.ActiveCfg = Release|Any CPU
		{3047B5D3-D908-4A10-93BB-3D6E07D07D9F}.Ad-Hoc|x64.Build.0 = Release|Any CPU
		{3047B5D3-D908-4A10-93BB-3D6E07D07D9F}.Ad-Hoc|x86.ActiveCfg = Release|Any CPU
		{3047B5D3-D908-4A10-93BB-3D6E07D07D9F}.Ad-Hoc|x86.Build.0 = Release|Any CPU
		{3047B5D3-D908-4A10-93BB-3D6E07D07D9F}.AppStore|Any CPU.ActiveCfg = Release|Any CPU
		{3047B5D3-D908-4A10-93BB-3D6E07D07D9F}.AppStore|Any CPU.Build.0 = Release|Any CPU
		{3047B5D3-D908-4A10-93BB-3D6E07D07D9F}.AppStore|ARM.ActiveCfg = Release|Any CPU
		{3047B5D3-D908-4A10-93BB-3D6E07D07D9F}.AppStore|ARM.Build.0 = Release|Any CPU
		{3047B5D3-D908-4A10-93BB-3D6E07D07D9F}.AppStore|iPhone.ActiveCfg = Release|Any CPU
		{3047B5D3-D908-4A10-93BB-3D6E07D07D9F}.AppStore|iPhone.Build.0 = Release|Any CPU
		{3047B5D3-D908-4A10-93BB-3D6E07D07D9F}.AppStore|iPhoneSimulator.ActiveCfg = Release|Any CPU
		{3047B5D3-D908-4A10-93BB-3D6E07D07D9F}.AppStore|iPhoneSimulator.Build.0 = Release|Any CPU
		{3047B5D3-D908-4A10-93BB-3D6E07D07D9F}.AppStore|x64.ActiveCfg = Release|Any CPU
		{3047B5D3-D908-4A10-93BB-3D6E07D07D9F}.AppStore|x64.Build.0 = Release|Any CPU
		{3047B5D3-D908-4A10-93BB-3D6E07D07D9F}.AppStore|x86.ActiveCfg = Release|Any CPU
		{3047B5D3-D908-4A10-93BB-3D6E07D07D9F}.AppStore|x86.Build.0 = Release|Any CPU
		{3047B5D3-D908-4A10-93BB-3D6E07D07D9F}.Debug|Any CPU.ActiveCfg = Debug|Any CPU
		{3047B5D3-D908-4A10-93BB-3D6E07D07D9F}.Debug|Any CPU.Build.0 = Debug|Any CPU
		{3047B5D3-D908-4A10-93BB-3D6E07D07D9F}.Debug|ARM.ActiveCfg = Debug|Any CPU
		{3047B5D3-D908-4A10-93BB-3D6E07D07D9F}.Debug|ARM.Build.0 = Debug|Any CPU
		{3047B5D3-D908-4A10-93BB-3D6E07D07D9F}.Debug|iPhone.ActiveCfg = Debug|Any CPU
		{3047B5D3-D908-4A10-93BB-3D6E07D07D9F}.Debug|iPhone.Build.0 = Debug|Any CPU
		{3047B5D3-D908-4A10-93BB-3D6E07D07D9F}.Debug|iPhoneSimulator.ActiveCfg = Debug|Any CPU
		{3047B5D3-D908-4A10-93BB-3D6E07D07D9F}.Debug|iPhoneSimulator.Build.0 = Debug|Any CPU
		{3047B5D3-D908-4A10-93BB-3D6E07D07D9F}.Debug|x64.ActiveCfg = Debug|Any CPU
		{3047B5D3-D908-4A10-93BB-3D6E07D07D9F}.Debug|x64.Build.0 = Debug|Any CPU
		{3047B5D3-D908-4A10-93BB-3D6E07D07D9F}.Debug|x86.ActiveCfg = Debug|Any CPU
		{3047B5D3-D908-4A10-93BB-3D6E07D07D9F}.Debug|x86.Build.0 = Debug|Any CPU
		{3047B5D3-D908-4A10-93BB-3D6E07D07D9F}.Release|Any CPU.ActiveCfg = Release|Any CPU
		{3047B5D3-D908-4A10-93BB-3D6E07D07D9F}.Release|Any CPU.Build.0 = Release|Any CPU
		{3047B5D3-D908-4A10-93BB-3D6E07D07D9F}.Release|ARM.ActiveCfg = Release|Any CPU
		{3047B5D3-D908-4A10-93BB-3D6E07D07D9F}.Release|ARM.Build.0 = Release|Any CPU
		{3047B5D3-D908-4A10-93BB-3D6E07D07D9F}.Release|iPhone.ActiveCfg = Release|Any CPU
		{3047B5D3-D908-4A10-93BB-3D6E07D07D9F}.Release|iPhone.Build.0 = Release|Any CPU
		{3047B5D3-D908-4A10-93BB-3D6E07D07D9F}.Release|iPhoneSimulator.ActiveCfg = Release|Any CPU
		{3047B5D3-D908-4A10-93BB-3D6E07D07D9F}.Release|iPhoneSimulator.Build.0 = Release|Any CPU
		{3047B5D3-D908-4A10-93BB-3D6E07D07D9F}.Release|x64.ActiveCfg = Release|Any CPU
		{3047B5D3-D908-4A10-93BB-3D6E07D07D9F}.Release|x64.Build.0 = Release|Any CPU
		{3047B5D3-D908-4A10-93BB-3D6E07D07D9F}.Release|x86.ActiveCfg = Release|Any CPU
		{3047B5D3-D908-4A10-93BB-3D6E07D07D9F}.Release|x86.Build.0 = Release|Any CPU
	EndGlobalSection
	GlobalSection(SolutionProperties) = preSolution
		HideSolutionNode = FALSE
	EndGlobalSection
	GlobalSection(ExtensibilityGlobals) = postSolution
		SolutionGuid = {C243CF4B-E15C-4CFC-BE44-B5F676D8EF3D}
	EndGlobalSection
EndGlobal
